
Microsoft Visual Studio Solution File, Format Version 12.00
# Visual Studio 2012
Project("{8BC9CEB8-8B4A-11D0-8D11-00A0C91BC942}") = "1001", "1001\1001.vcxproj", "{10AC435C-B538-4364-BEEF-167B832DF5BE}"
EndProject
Project("{8BC9CEB8-8B4A-11D0-8D11-00A0C91BC942}") = "1002", "1002\1002.vcxproj", "{18A7A7AA-6329-4F07-AC0B-EBD21C44C970}"
EndProject
Global
	GlobalSection(SolutionConfigurationPlatforms) = preSolution
		Debug|Win32 = Debug|Win32
		Release|Win32 = Release|Win32
	EndGlobalSection
	GlobalSection(ProjectConfigurationPlatforms) = postSolution
		{10AC435C-B538-4364-BEEF-167B832DF5BE}.Debug|Win32.ActiveCfg = Debug|Win32
		{10AC435C-B538-4364-BEEF-167B832DF5BE}.Debug|Win32.Build.0 = Debug|Win32
		{10AC435C-B538-4364-BEEF-167B832DF5BE}.Release|Win32.ActiveCfg = Release|Win32
		{10AC435C-B538-4364-BEEF-167B832DF5BE}.Release|Win32.Build.0 = Release|Win32
		{18A7A7AA-6329-4F07-AC0B-EBD21C44C970}.Debug|Win32.ActiveCfg = Debug|Win32
		{18A7A7AA-6329-4F07-AC0B-EBD21C44C970}.Debug|Win32.Build.0 = Debug|Win32
		{18A7A7AA-6329-4F07-AC0B-EBD21C44C970}.Release|Win32.ActiveCfg = Release|Win32
		{18A7A7AA-6329-4F07-AC0B-EBD21C44C970}.Release|Win32.Build.0 = Release|Win32
	EndGlobalSection
	GlobalSection(SolutionProperties) = preSolution
		HideSolutionNode = FALSE
	EndGlobalSection
EndGlobal
