
Microsoft Visual Studio Solution File, Format Version 12.00
# Visual Studio 2012
Project("{8BC9CEB8-8B4A-11D0-8D11-00A0C91BC942}") = "1001", "1001\1001.vcxproj", "{10AC435C-B538-4364-BEEF-167B832DF5BE}"
EndProject
Project("{8BC9CEB8-8B4A-11D0-8D11-00A0C91BC942}") = "1002", "1002\1002.vcxproj", "{18A7A7AA-6329-4F07-AC0B-EBD21C44C970}"
EndProject
Project("{8BC9CEB8-8B4A-11D0-8D11-00A0C91BC942}") = "1011", "1011\1011.vcxproj", "{AE8ACF84-1155-4B2E-A55A-29AC8F886ADB}"
EndProject
Project("{8BC9CEB8-8B4A-11D0-8D11-00A0C91BC942}") = "1010", "1010\1010.vcxproj", "{60081662-8793-405A-97B4-92E7314F2D2E}"
EndProject
Project("{8BC9CEB8-8B4A-11D0-8D11-00A0C91BC942}") = "1064", "1064\1064.vcxproj", "{A2E253BE-7251-49E3-A3BB-60D9349D35DE}"
EndProject
Project("{8BC9CEB8-8B4A-11D0-8D11-00A0C91BC942}") = "1003", "1003\1003.vcxproj", "{DEF8793B-2B3D-4F42-8C07-44A61DB7B07B}"
EndProject
Project("{8BC9CEB8-8B4A-11D0-8D11-00A0C91BC942}") = "1004", "1004\1004.vcxproj", "{B7DF907D-92D3-473F-BCF9-0788E68F9F44}"
EndProject
Project("{8BC9CEB8-8B4A-11D0-8D11-00A0C91BC942}") = "1005", "1005\1005.vcxproj", "{07667908-A390-4EAF-A1D8-8E0576F5F533}"
EndProject
Project("{8BC9CEB8-8B4A-11D0-8D11-00A0C91BC942}") = "1012", "1012\1012.vcxproj", "{9D11B9DB-3700-473B-82B4-D5570BE8CAE2}"
EndProject
Project("{8BC9CEB8-8B4A-11D0-8D11-00A0C91BC942}") = "1055", "1055\1055.vcxproj", "{468F1001-90E2-4410-B0BF-A4E43D5EEF72}"
EndProject
Project("{8BC9CEB8-8B4A-11D0-8D11-00A0C91BC942}") = "1084", "1084\1084.vcxproj", "{D0A30E3A-5540-4F4B-B02F-3D4032BD41DB}"
EndProject
Project("{8BC9CEB8-8B4A-11D0-8D11-00A0C91BC942}") = "1060", "1060\1060.vcxproj", "{C0F6C68F-ADD5-4F5C-84A0-9122C6167471}"
EndProject
Project("{8BC9CEB8-8B4A-11D0-8D11-00A0C91BC942}") = "1082", "1082\1082.vcxproj", "{6B2F99A5-90BE-40D3-854D-F7178764A793}"
EndProject
Project("{8BC9CEB8-8B4A-11D0-8D11-00A0C91BC942}") = "1083", "1083\1083.vcxproj", "{22F3F35D-59AB-460E-93E9-012B646B7A7E}"
EndProject
Project("{8BC9CEB8-8B4A-11D0-8D11-00A0C91BC942}") = "1085", "1085\1085.vcxproj", "{354B510F-5D8D-430F-88FC-66725F15B21A}"
EndProject
Project("{8BC9CEB8-8B4A-11D0-8D11-00A0C91BC942}") = "1086", "1086\1086.vcxproj", "{6737A28D-C63B-42B6-940E-45FB7770E215}"
EndProject
Project("{8BC9CEB8-8B4A-11D0-8D11-00A0C91BC942}") = "1087", "1087\1087.vcxproj", "{0A82D775-6A0C-488D-8F76-A801752A191A}"
EndProject
Project("{8BC9CEB8-8B4A-11D0-8D11-00A0C91BC942}") = "1006", "1006\1006.vcxproj", "{227A9F34-26FA-4C25-8141-41B43BE1DB55}"
EndProject
Project("{8BC9CEB8-8B4A-11D0-8D11-00A0C91BC942}") = "1007", "1007\1007.vcxproj", "{5794463E-0DE8-464A-9791-CF98E573C319}"
EndProject
Project("{8BC9CEB8-8B4A-11D0-8D11-00A0C91BC942}") = "1008", "1008\1008.vcxproj", "{E467B50E-11A7-4A32-8791-6537CC1F1522}"
EndProject
Project("{8BC9CEB8-8B4A-11D0-8D11-00A0C91BC942}") = "1009", "1009\1009.vcxproj", "{3A8E9DF5-CEF9-4205-85ED-524AE53E9C27}"
EndProject
Project("{8BC9CEB8-8B4A-11D0-8D11-00A0C91BC942}") = "1056", "1056\1056.vcxproj", "{EE75A5EE-0E06-4BF8-9C79-720E094777BA}"
EndProject
Project("{8BC9CEB8-8B4A-11D0-8D11-00A0C91BC942}") = "1057", "1057\1057.vcxproj", "{38DEFC49-7C1D-4B1D-BE4B-28A31E72CABD}"
EndProject
Project("{8BC9CEB8-8B4A-11D0-8D11-00A0C91BC942}") = "1058", "1058\1058.vcxproj", "{A29984A9-6E8E-4EAC-8AB9-FC7F2E0A5AC3}"
EndProject
Project("{8BC9CEB8-8B4A-11D0-8D11-00A0C91BC942}") = "1059", "1059\1059.vcxproj", "{C41BA395-6780-47D4-AB73-2CD91CD9EFF2}"
EndProject
Project("{8BC9CEB8-8B4A-11D0-8D11-00A0C91BC942}") = "1061", "1061\1061.vcxproj", "{2277DF1F-EA4F-4471-AD94-2D0E860BC7E9}"
EndProject
Project("{8BC9CEB8-8B4A-11D0-8D11-00A0C91BC942}") = "1062", "1062\1062.vcxproj", "{4C5F9178-67C8-4193-9262-CB3AE8D6E7F2}"
EndProject
Project("{8BC9CEB8-8B4A-11D0-8D11-00A0C91BC942}") = "1063", "1063\1063.vcxproj", "{4BF47CFB-7F2B-4548-818E-411EA583E8C9}"
EndProject
Project("{8BC9CEB8-8B4A-11D0-8D11-00A0C91BC942}") = "1076", "1076\1076.vcxproj", "{436EC692-8D3A-43E8-B0EF-CF098D29F39B}"
EndProject
Project("{8BC9CEB8-8B4A-11D0-8D11-00A0C91BC942}") = "1078", "1078\1078.vcxproj", "{9999E2C9-EE0B-4B27-A5B5-B1F852B009F3}"
EndProject
Project("{8BC9CEB8-8B4A-11D0-8D11-00A0C91BC942}") = "1088", "1088\1088.vcxproj", "{89745BDB-1FA2-4F65-9711-F67219F01D3F}"
EndProject
Project("{8BC9CEB8-8B4A-11D0-8D11-00A0C91BC942}") = "1042", "1042\1042.vcxproj", "{5FD7A40A-2373-4697-8846-E6113FCBC403}"
EndProject
Project("{8BC9CEB8-8B4A-11D0-8D11-00A0C91BC942}") = "1046", "1046\1046.vcxproj", "{EBF90323-6335-446A-9DEF-2A4FF09453EA}"
EndProject
Project("{8BC9CEB8-8B4A-11D0-8D11-00A0C91BC942}") = "1029", "1029\1029.vcxproj", "{0BAD5B5F-D1B7-4225-9E8A-697312553FD9}"
EndProject
Project("{8BC9CEB8-8B4A-11D0-8D11-00A0C91BC942}") = "1021", "1021\1021.vcxproj", "{649E6B30-58E8-4A53-97D9-937D5DE3E115}"
EndProject
Project("{8BC9CEB8-8B4A-11D0-8D11-00A0C91BC942}") = "1070", "1070\1070.vcxproj", "{C330F872-6F71-42FF-932D-AA89D9C8E4E0}"
EndProject
Project("{8BC9CEB8-8B4A-11D0-8D11-00A0C91BC942}") = "1035", "1035\1035.vcxproj", "{220134DD-4E06-4F64-848B-1A194BC4335A}"
EndProject
Project("{8BC9CEB8-8B4A-11D0-8D11-00A0C91BC942}") = "1051", "1051\1051.vcxproj", "{F0C6ED3D-6B82-4E90-A5C2-71E35D721AA0}"
EndProject
Project("{8BC9CEB8-8B4A-11D0-8D11-00A0C91BC942}") = "1017", "1017\1017.vcxproj", "{338C5C6D-D6EF-4732-8FB8-7A756BF92295}"
EndProject
Project("{8BC9CEB8-8B4A-11D0-8D11-00A0C91BC942}") = "1038", "1038\1038.vcxproj", "{C3994DE2-1FD5-4060-9FC3-18FD00D8F154}"
EndProject
Project("{8BC9CEB8-8B4A-11D0-8D11-00A0C91BC942}") = "1025", "1025\1025.vcxproj", "{93D24009-D241-4704-A94C-5103BBBAA31B}"
EndProject
Project("{8BC9CEB8-8B4A-11D0-8D11-00A0C91BC942}") = "1052", "1052\1052.vcxproj", "{8AE98908-8EF1-45AC-8356-9891972A662F}"
EndProject
Project("{8BC9CEB8-8B4A-11D0-8D11-00A0C91BC942}") = "1013", "1013\1013.vcxproj", "{9D6CF318-D70F-4C61-99F1-6C9C1F7FBA68}"
EndProject
Project("{8BC9CEB8-8B4A-11D0-8D11-00A0C91BC942}") = "1015", "1015\1015.vcxproj", "{E1154764-B420-4E7B-8C02-95D9E68F549B}"
EndProject
Project("{8BC9CEB8-8B4A-11D0-8D11-00A0C91BC942}") = "1014", "1014\1014.vcxproj", "{5E48DB47-42FB-417C-BA6D-810D162FD734}"
EndProject
Project("{8BC9CEB8-8B4A-11D0-8D11-00A0C91BC942}") = "1016", "1016\1016.vcxproj", "{051548C9-C537-4301-BDD2-898785C7C5D0}"
EndProject
Project("{8BC9CEB8-8B4A-11D0-8D11-00A0C91BC942}") = "1018", "1018\1018.vcxproj", "{7E8342F1-F892-4D1D-9BA9-06D9624DA28A}"
EndProject
Project("{8BC9CEB8-8B4A-11D0-8D11-00A0C91BC942}") = "1019", "1019\1019.vcxproj", "{8B64EA43-4383-48CF-95CF-436494F14C08}"
EndProject
Project("{8BC9CEB8-8B4A-11D0-8D11-00A0C91BC942}") = "1020", "1020\1020.vcxproj", "{C0E7EDA5-FFBF-4CE5-8FEC-8A16E7FDA26E}"
EndProject
Project("{8BC9CEB8-8B4A-11D0-8D11-00A0C91BC942}") = "1022", "1022\1022.vcxproj", "{539B0947-6ABE-46B6-BAE0-DC567FBBF30F}"
EndProject
Project("{8BC9CEB8-8B4A-11D0-8D11-00A0C91BC942}") = "1023", "1023\1023.vcxproj", "{188583EF-5F78-406A-9FCA-4CD139029472}"
EndProject
Project("{8BC9CEB8-8B4A-11D0-8D11-00A0C91BC942}") = "1024", "1024\1024.vcxproj", "{9E72C1D5-3162-4790-A819-DB1455FE194D}"
EndProject
Project("{8BC9CEB8-8B4A-11D0-8D11-00A0C91BC942}") = "1036", "1036\1036.vcxproj", "{7CDB55DB-5EF4-495D-B14E-C7F146CB8855}"
EndProject
Project("{8BC9CEB8-8B4A-11D0-8D11-00A0C91BC942}") = "1037", "1037\1037.vcxproj", "{39848A0C-A19E-491F-A16E-8B1108BBF86C}"
EndProject
Project("{8BC9CEB8-8B4A-11D0-8D11-00A0C91BC942}") = "1039", "1039\1039.vcxproj", "{09403103-6D31-40E7-9DCB-0D2728EE3E79}"
EndProject
Project("{8BC9CEB8-8B4A-11D0-8D11-00A0C91BC942}") = "1040", "1040\1040.vcxproj", "{45E391C5-8EFA-4F51-BBA1-3DBA047F92F1}"
EndProject
Project("{8BC9CEB8-8B4A-11D0-8D11-00A0C91BC942}") = "1041", "1041\1041.vcxproj", "{621D5BDA-516E-4137-BC9A-3F3BAE6B186B}"
EndProject
Project("{8BC9CEB8-8B4A-11D0-8D11-00A0C91BC942}") = "1053", "1053\1053.vcxproj", "{FEE04614-E5EA-4355-BACB-5028D72A0840}"
EndProject
Project("{8BC9CEB8-8B4A-11D0-8D11-00A0C91BC942}") = "1054", "1054\1054.vcxproj", "{D1CECA85-CAF9-4D91-8940-405FA73EA125}"
EndProject
Project("{8BC9CEB8-8B4A-11D0-8D11-00A0C91BC942}") = "1027", "1027\1027.vcxproj", "{8FFD296C-EB18-469D-99F7-262A9B575C74}"
EndProject
Project("{8BC9CEB8-8B4A-11D0-8D11-00A0C91BC942}") = "1031", "1031\1031.vcxproj", "{2E2E5691-C2D5-42A1-B7AA-CE60F62F9562}"
EndProject
Project("{8BC9CEB8-8B4A-11D0-8D11-00A0C91BC942}") = "1028", "1028\1028.vcxproj", "{83B91832-41DB-49CA-9761-5C64EBB1D799}"
EndProject
Project("{8BC9CEB8-8B4A-11D0-8D11-00A0C91BC942}") = "1032", "1032\1032.vcxproj", "{71901B5D-145D-4648-AAF6-D71405B8D26A}"
EndProject
Project("{8BC9CEB8-8B4A-11D0-8D11-00A0C91BC942}") = "1043", "1043\1043.vcxproj", "{84134CF7-F4B0-4E95-9326-1ADBABAD4E2E}"
EndProject
Project("{8BC9CEB8-8B4A-11D0-8D11-00A0C91BC942}") = "1034", "1034\1034.vcxproj", "{83DBCD65-4B2E-4865-A5D2-D5FA4F6E761D}"
EndProject
Project("{8BC9CEB8-8B4A-11D0-8D11-00A0C91BC942}") = "1026", "1026\1026.vcxproj", "{014C326A-A8EA-473D-8812-F3E6D6021B63}"
EndProject
Project("{8BC9CEB8-8B4A-11D0-8D11-00A0C91BC942}") = "1069", "1069\1069.vcxproj", "{19C6F62E-AD12-450A-92E2-9C24D9CFF79E}"
EndProject
Project("{8BC9CEB8-8B4A-11D0-8D11-00A0C91BC942}") = "1071", "1071\1071.vcxproj", "{EBB7F4C6-7F60-4328-8E1E-56AC98982629}"
EndProject
Project("{8BC9CEB8-8B4A-11D0-8D11-00A0C91BC942}") = "1067", "1067\1067.vcxproj", "{39B6D554-5AF0-4CDD-880E-484A48C7C192}"
EndProject
Project("{8BC9CEB8-8B4A-11D0-8D11-00A0C91BC942}") = "1033", "1033\1033.vcxproj", "{A302CBB4-08E8-49F9-B8AF-8555BE21A1A5}"
EndProject
Project("{8BC9CEB8-8B4A-11D0-8D11-00A0C91BC942}") = "1044", "1044\1044.vcxproj", "{33821C4A-8545-4BF0-ACEA-0A1FD60B18E9}"
EndProject
Project("{8BC9CEB8-8B4A-11D0-8D11-00A0C91BC942}") = "1030", "1030\1030.vcxproj", "{B06153BB-D1A0-4810-8150-A5B23C99E1C7}"
EndProject
Project("{8BC9CEB8-8B4A-11D0-8D11-00A0C91BC942}") = "1077", "1077\1077.vcxproj", "{C660A306-352F-450A-8EAE-29D8549906CE}"
EndProject
Project("{8BC9CEB8-8B4A-11D0-8D11-00A0C91BC942}") = "1066", "1066\1066.vcxproj", "{C5A4915D-BD96-4541-9EE5-6980A6048F93}"
EndProject
Project("{8BC9CEB8-8B4A-11D0-8D11-00A0C91BC942}") = "1081", "1081\1081.vcxproj", "{AAEADF80-A245-4E11-843F-27EBA0ED52FD}"
EndProject
Project("{8BC9CEB8-8B4A-11D0-8D11-00A0C91BC942}") = "1080", "1080\1080.vcxproj", "{F9298CB6-5B8A-4831-8B10-C33DAC6DA818}"
EndProject
Project("{8BC9CEB8-8B4A-11D0-8D11-00A0C91BC942}") = "1050", "1050\1050.vcxproj", "{A7042CD3-89A4-4B86-9F90-2510DA0D4A45}"
EndProject
Project("{8BC9CEB8-8B4A-11D0-8D11-00A0C91BC942}") = "1074", "1074\1074.vcxproj", "{B63DD68A-BB83-44C3-A96D-D5360AB206D8}"
EndProject
Project("{8BC9CEB8-8B4A-11D0-8D11-00A0C91BC942}") = "1073", "1073\1073.vcxproj", "{B52A0006-C4A1-43E7-8B31-865DF44FE04B}"
EndProject
Project("{8BC9CEB8-8B4A-11D0-8D11-00A0C91BC942}") = "1048", "1048\1048.vcxproj", "{F9C1D5F0-F37A-4D85-ADF5-531B4DE2908D}"
EndProject
Project("{8BC9CEB8-8B4A-11D0-8D11-00A0C91BC942}") = "1047", "1047\1047.vcxproj", "{76DC8770-B427-485D-9E84-A7EED6594F6E}"
EndProject
Project("{8BC9CEB8-8B4A-11D0-8D11-00A0C91BC942}") = "1049", "1049\1049.vcxproj", "{61609616-258F-4008-A884-1AC9E7404DB1}"
EndProject
Project("{8BC9CEB8-8B4A-11D0-8D11-00A0C91BC942}") = "1065", "1065\1065.vcxproj", "{CB5078DF-EB85-4CC0-92EF-FC00C167BF20}"
EndProject
Project("{8BC9CEB8-8B4A-11D0-8D11-00A0C91BC942}") = "1089", "1089\1089.vcxproj", "{633AEC27-B44E-4C9F-859C-9DC532C47746}"
EndProject
Project("{8BC9CEB8-8B4A-11D0-8D11-00A0C91BC942}") = "1075", "1075\1075.vcxproj", "{7CBC0F8F-452B-43F1-B185-8742E4CC3C6A}"
EndProject
Project("{8BC9CEB8-8B4A-11D0-8D11-00A0C91BC942}") = "1045", "1045\1045.vcxproj", "{538B3269-E700-4E7A-8F46-F2735C8EBE37}"
EndProject
Project("{8BC9CEB8-8B4A-11D0-8D11-00A0C91BC942}") = "1068", "1068\1068.vcxproj", "{9D21D7D9-DEE8-48F8-B2A6-57FF9895275A}"
EndProject
Project("{8BC9CEB8-8B4A-11D0-8D11-00A0C91BC942}") = "1072", "1072\1072.vcxproj", "{963AF25F-E886-4417-87D1-430DEAC75999}"
EndProject
Project("{8BC9CEB8-8B4A-11D0-8D11-00A0C91BC942}") = "1079", "1079\1079.vcxproj", "{DF1ADCFA-9FDB-406B-A416-A697EB734B4D}"
EndProject
Project("{8BC9CEB8-8B4A-11D0-8D11-00A0C91BC942}") = "1091", "1091\1091.vcxproj", "{C71919E2-68E6-4345-A8E0-E1DD0A12F891}"
EndProject
Project("{8BC9CEB8-8B4A-11D0-8D11-00A0C91BC942}") = "1090", "1090\1090.vcxproj", "{2BE40410-649E-4F4D-8788-7A65B8973FE0}"
EndProject
Project("{8BC9CEB8-8B4A-11D0-8D11-00A0C91BC942}") = "1099", "1099\1099.vcxproj", "{6326108C-257C-4354-B22D-F93EAD411E06}"
EndProject
Project("{8BC9CEB8-8B4A-11D0-8D11-00A0C91BC942}") = "1098", "1098\1098.vcxproj", "{259DD2EB-F851-4FA5-A81A-BC07FBFDD638}"
EndProject
Project("{8BC9CEB8-8B4A-11D0-8D11-00A0C91BC942}") = "1097", "1097\1097.vcxproj", "{78328E58-036C-4A37-9C5F-CD931926299D}"
EndProject
Global
	GlobalSection(SolutionConfigurationPlatforms) = preSolution
		Debug|Win32 = Debug|Win32
		Release|Win32 = Release|Win32
	EndGlobalSection
	GlobalSection(ProjectConfigurationPlatforms) = postSolution
		{10AC435C-B538-4364-BEEF-167B832DF5BE}.Debug|Win32.ActiveCfg = Debug|Win32
		{10AC435C-B538-4364-BEEF-167B832DF5BE}.Debug|Win32.Build.0 = Debug|Win32
		{10AC435C-B538-4364-BEEF-167B832DF5BE}.Release|Win32.ActiveCfg = Release|Win32
		{10AC435C-B538-4364-BEEF-167B832DF5BE}.Release|Win32.Build.0 = Release|Win32
		{18A7A7AA-6329-4F07-AC0B-EBD21C44C970}.Debug|Win32.ActiveCfg = Debug|Win32
		{18A7A7AA-6329-4F07-AC0B-EBD21C44C970}.Debug|Win32.Build.0 = Debug|Win32
		{18A7A7AA-6329-4F07-AC0B-EBD21C44C970}.Release|Win32.ActiveCfg = Release|Win32
		{18A7A7AA-6329-4F07-AC0B-EBD21C44C970}.Release|Win32.Build.0 = Release|Win32
		{AE8ACF84-1155-4B2E-A55A-29AC8F886ADB}.Debug|Win32.ActiveCfg = Debug|Win32
		{AE8ACF84-1155-4B2E-A55A-29AC8F886ADB}.Debug|Win32.Build.0 = Debug|Win32
		{AE8ACF84-1155-4B2E-A55A-29AC8F886ADB}.Release|Win32.ActiveCfg = Release|Win32
		{AE8ACF84-1155-4B2E-A55A-29AC8F886ADB}.Release|Win32.Build.0 = Release|Win32
		{60081662-8793-405A-97B4-92E7314F2D2E}.Debug|Win32.ActiveCfg = Debug|Win32
		{60081662-8793-405A-97B4-92E7314F2D2E}.Debug|Win32.Build.0 = Debug|Win32
		{60081662-8793-405A-97B4-92E7314F2D2E}.Release|Win32.ActiveCfg = Release|Win32
		{60081662-8793-405A-97B4-92E7314F2D2E}.Release|Win32.Build.0 = Release|Win32
		{A2E253BE-7251-49E3-A3BB-60D9349D35DE}.Debug|Win32.ActiveCfg = Debug|Win32
		{A2E253BE-7251-49E3-A3BB-60D9349D35DE}.Debug|Win32.Build.0 = Debug|Win32
		{A2E253BE-7251-49E3-A3BB-60D9349D35DE}.Release|Win32.ActiveCfg = Release|Win32
		{A2E253BE-7251-49E3-A3BB-60D9349D35DE}.Release|Win32.Build.0 = Release|Win32
		{DEF8793B-2B3D-4F42-8C07-44A61DB7B07B}.Debug|Win32.ActiveCfg = Debug|Win32
		{DEF8793B-2B3D-4F42-8C07-44A61DB7B07B}.Debug|Win32.Build.0 = Debug|Win32
		{DEF8793B-2B3D-4F42-8C07-44A61DB7B07B}.Release|Win32.ActiveCfg = Release|Win32
		{DEF8793B-2B3D-4F42-8C07-44A61DB7B07B}.Release|Win32.Build.0 = Release|Win32
		{B7DF907D-92D3-473F-BCF9-0788E68F9F44}.Debug|Win32.ActiveCfg = Debug|Win32
		{B7DF907D-92D3-473F-BCF9-0788E68F9F44}.Debug|Win32.Build.0 = Debug|Win32
		{B7DF907D-92D3-473F-BCF9-0788E68F9F44}.Release|Win32.ActiveCfg = Release|Win32
		{B7DF907D-92D3-473F-BCF9-0788E68F9F44}.Release|Win32.Build.0 = Release|Win32
		{07667908-A390-4EAF-A1D8-8E0576F5F533}.Debug|Win32.ActiveCfg = Debug|Win32
		{07667908-A390-4EAF-A1D8-8E0576F5F533}.Debug|Win32.Build.0 = Debug|Win32
		{07667908-A390-4EAF-A1D8-8E0576F5F533}.Release|Win32.ActiveCfg = Release|Win32
		{07667908-A390-4EAF-A1D8-8E0576F5F533}.Release|Win32.Build.0 = Release|Win32
		{9D11B9DB-3700-473B-82B4-D5570BE8CAE2}.Debug|Win32.ActiveCfg = Debug|Win32
		{9D11B9DB-3700-473B-82B4-D5570BE8CAE2}.Debug|Win32.Build.0 = Debug|Win32
		{9D11B9DB-3700-473B-82B4-D5570BE8CAE2}.Release|Win32.ActiveCfg = Release|Win32
		{9D11B9DB-3700-473B-82B4-D5570BE8CAE2}.Release|Win32.Build.0 = Release|Win32
		{468F1001-90E2-4410-B0BF-A4E43D5EEF72}.Debug|Win32.ActiveCfg = Debug|Win32
		{468F1001-90E2-4410-B0BF-A4E43D5EEF72}.Debug|Win32.Build.0 = Debug|Win32
		{468F1001-90E2-4410-B0BF-A4E43D5EEF72}.Release|Win32.ActiveCfg = Release|Win32
		{468F1001-90E2-4410-B0BF-A4E43D5EEF72}.Release|Win32.Build.0 = Release|Win32
		{D0A30E3A-5540-4F4B-B02F-3D4032BD41DB}.Debug|Win32.ActiveCfg = Debug|Win32
		{D0A30E3A-5540-4F4B-B02F-3D4032BD41DB}.Debug|Win32.Build.0 = Debug|Win32
		{D0A30E3A-5540-4F4B-B02F-3D4032BD41DB}.Release|Win32.ActiveCfg = Release|Win32
		{D0A30E3A-5540-4F4B-B02F-3D4032BD41DB}.Release|Win32.Build.0 = Release|Win32
		{C0F6C68F-ADD5-4F5C-84A0-9122C6167471}.Debug|Win32.ActiveCfg = Debug|Win32
		{C0F6C68F-ADD5-4F5C-84A0-9122C6167471}.Debug|Win32.Build.0 = Debug|Win32
		{C0F6C68F-ADD5-4F5C-84A0-9122C6167471}.Release|Win32.ActiveCfg = Release|Win32
		{C0F6C68F-ADD5-4F5C-84A0-9122C6167471}.Release|Win32.Build.0 = Release|Win32
		{6B2F99A5-90BE-40D3-854D-F7178764A793}.Debug|Win32.ActiveCfg = Debug|Win32
		{6B2F99A5-90BE-40D3-854D-F7178764A793}.Debug|Win32.Build.0 = Debug|Win32
		{6B2F99A5-90BE-40D3-854D-F7178764A793}.Release|Win32.ActiveCfg = Release|Win32
		{6B2F99A5-90BE-40D3-854D-F7178764A793}.Release|Win32.Build.0 = Release|Win32
		{22F3F35D-59AB-460E-93E9-012B646B7A7E}.Debug|Win32.ActiveCfg = Debug|Win32
		{22F3F35D-59AB-460E-93E9-012B646B7A7E}.Debug|Win32.Build.0 = Debug|Win32
		{22F3F35D-59AB-460E-93E9-012B646B7A7E}.Release|Win32.ActiveCfg = Release|Win32
		{22F3F35D-59AB-460E-93E9-012B646B7A7E}.Release|Win32.Build.0 = Release|Win32
		{354B510F-5D8D-430F-88FC-66725F15B21A}.Debug|Win32.ActiveCfg = Debug|Win32
		{354B510F-5D8D-430F-88FC-66725F15B21A}.Debug|Win32.Build.0 = Debug|Win32
		{354B510F-5D8D-430F-88FC-66725F15B21A}.Release|Win32.ActiveCfg = Release|Win32
		{354B510F-5D8D-430F-88FC-66725F15B21A}.Release|Win32.Build.0 = Release|Win32
		{6737A28D-C63B-42B6-940E-45FB7770E215}.Debug|Win32.ActiveCfg = Debug|Win32
		{6737A28D-C63B-42B6-940E-45FB7770E215}.Debug|Win32.Build.0 = Debug|Win32
		{6737A28D-C63B-42B6-940E-45FB7770E215}.Release|Win32.ActiveCfg = Release|Win32
		{6737A28D-C63B-42B6-940E-45FB7770E215}.Release|Win32.Build.0 = Release|Win32
		{0A82D775-6A0C-488D-8F76-A801752A191A}.Debug|Win32.ActiveCfg = Debug|Win32
		{0A82D775-6A0C-488D-8F76-A801752A191A}.Debug|Win32.Build.0 = Debug|Win32
		{0A82D775-6A0C-488D-8F76-A801752A191A}.Release|Win32.ActiveCfg = Release|Win32
		{0A82D775-6A0C-488D-8F76-A801752A191A}.Release|Win32.Build.0 = Release|Win32
		{227A9F34-26FA-4C25-8141-41B43BE1DB55}.Debug|Win32.ActiveCfg = Debug|Win32
		{227A9F34-26FA-4C25-8141-41B43BE1DB55}.Debug|Win32.Build.0 = Debug|Win32
		{227A9F34-26FA-4C25-8141-41B43BE1DB55}.Release|Win32.ActiveCfg = Release|Win32
		{227A9F34-26FA-4C25-8141-41B43BE1DB55}.Release|Win32.Build.0 = Release|Win32
		{5794463E-0DE8-464A-9791-CF98E573C319}.Debug|Win32.ActiveCfg = Debug|Win32
		{5794463E-0DE8-464A-9791-CF98E573C319}.Debug|Win32.Build.0 = Debug|Win32
		{5794463E-0DE8-464A-9791-CF98E573C319}.Release|Win32.ActiveCfg = Release|Win32
		{5794463E-0DE8-464A-9791-CF98E573C319}.Release|Win32.Build.0 = Release|Win32
		{E467B50E-11A7-4A32-8791-6537CC1F1522}.Debug|Win32.ActiveCfg = Debug|Win32
		{E467B50E-11A7-4A32-8791-6537CC1F1522}.Debug|Win32.Build.0 = Debug|Win32
		{E467B50E-11A7-4A32-8791-6537CC1F1522}.Release|Win32.ActiveCfg = Release|Win32
		{E467B50E-11A7-4A32-8791-6537CC1F1522}.Release|Win32.Build.0 = Release|Win32
		{3A8E9DF5-CEF9-4205-85ED-524AE53E9C27}.Debug|Win32.ActiveCfg = Debug|Win32
		{3A8E9DF5-CEF9-4205-85ED-524AE53E9C27}.Debug|Win32.Build.0 = Debug|Win32
		{3A8E9DF5-CEF9-4205-85ED-524AE53E9C27}.Release|Win32.ActiveCfg = Release|Win32
		{3A8E9DF5-CEF9-4205-85ED-524AE53E9C27}.Release|Win32.Build.0 = Release|Win32
		{EE75A5EE-0E06-4BF8-9C79-720E094777BA}.Debug|Win32.ActiveCfg = Debug|Win32
		{EE75A5EE-0E06-4BF8-9C79-720E094777BA}.Debug|Win32.Build.0 = Debug|Win32
		{EE75A5EE-0E06-4BF8-9C79-720E094777BA}.Release|Win32.ActiveCfg = Release|Win32
		{EE75A5EE-0E06-4BF8-9C79-720E094777BA}.Release|Win32.Build.0 = Release|Win32
		{38DEFC49-7C1D-4B1D-BE4B-28A31E72CABD}.Debug|Win32.ActiveCfg = Debug|Win32
		{38DEFC49-7C1D-4B1D-BE4B-28A31E72CABD}.Debug|Win32.Build.0 = Debug|Win32
		{38DEFC49-7C1D-4B1D-BE4B-28A31E72CABD}.Release|Win32.ActiveCfg = Release|Win32
		{38DEFC49-7C1D-4B1D-BE4B-28A31E72CABD}.Release|Win32.Build.0 = Release|Win32
		{A29984A9-6E8E-4EAC-8AB9-FC7F2E0A5AC3}.Debug|Win32.ActiveCfg = Debug|Win32
		{A29984A9-6E8E-4EAC-8AB9-FC7F2E0A5AC3}.Debug|Win32.Build.0 = Debug|Win32
		{A29984A9-6E8E-4EAC-8AB9-FC7F2E0A5AC3}.Release|Win32.ActiveCfg = Release|Win32
		{A29984A9-6E8E-4EAC-8AB9-FC7F2E0A5AC3}.Release|Win32.Build.0 = Release|Win32
		{C41BA395-6780-47D4-AB73-2CD91CD9EFF2}.Debug|Win32.ActiveCfg = Debug|Win32
		{C41BA395-6780-47D4-AB73-2CD91CD9EFF2}.Debug|Win32.Build.0 = Debug|Win32
		{C41BA395-6780-47D4-AB73-2CD91CD9EFF2}.Release|Win32.ActiveCfg = Release|Win32
		{C41BA395-6780-47D4-AB73-2CD91CD9EFF2}.Release|Win32.Build.0 = Release|Win32
		{2277DF1F-EA4F-4471-AD94-2D0E860BC7E9}.Debug|Win32.ActiveCfg = Debug|Win32
		{2277DF1F-EA4F-4471-AD94-2D0E860BC7E9}.Debug|Win32.Build.0 = Debug|Win32
		{2277DF1F-EA4F-4471-AD94-2D0E860BC7E9}.Release|Win32.ActiveCfg = Release|Win32
		{2277DF1F-EA4F-4471-AD94-2D0E860BC7E9}.Release|Win32.Build.0 = Release|Win32
		{4C5F9178-67C8-4193-9262-CB3AE8D6E7F2}.Debug|Win32.ActiveCfg = Debug|Win32
		{4C5F9178-67C8-4193-9262-CB3AE8D6E7F2}.Debug|Win32.Build.0 = Debug|Win32
		{4C5F9178-67C8-4193-9262-CB3AE8D6E7F2}.Release|Win32.ActiveCfg = Release|Win32
		{4C5F9178-67C8-4193-9262-CB3AE8D6E7F2}.Release|Win32.Build.0 = Release|Win32
		{4BF47CFB-7F2B-4548-818E-411EA583E8C9}.Debug|Win32.ActiveCfg = Debug|Win32
		{4BF47CFB-7F2B-4548-818E-411EA583E8C9}.Debug|Win32.Build.0 = Debug|Win32
		{4BF47CFB-7F2B-4548-818E-411EA583E8C9}.Release|Win32.ActiveCfg = Release|Win32
		{4BF47CFB-7F2B-4548-818E-411EA583E8C9}.Release|Win32.Build.0 = Release|Win32
		{436EC692-8D3A-43E8-B0EF-CF098D29F39B}.Debug|Win32.ActiveCfg = Debug|Win32
		{436EC692-8D3A-43E8-B0EF-CF098D29F39B}.Debug|Win32.Build.0 = Debug|Win32
		{436EC692-8D3A-43E8-B0EF-CF098D29F39B}.Release|Win32.ActiveCfg = Release|Win32
		{436EC692-8D3A-43E8-B0EF-CF098D29F39B}.Release|Win32.Build.0 = Release|Win32
		{9999E2C9-EE0B-4B27-A5B5-B1F852B009F3}.Debug|Win32.ActiveCfg = Debug|Win32
		{9999E2C9-EE0B-4B27-A5B5-B1F852B009F3}.Debug|Win32.Build.0 = Debug|Win32
		{9999E2C9-EE0B-4B27-A5B5-B1F852B009F3}.Release|Win32.ActiveCfg = Release|Win32
		{9999E2C9-EE0B-4B27-A5B5-B1F852B009F3}.Release|Win32.Build.0 = Release|Win32
		{89745BDB-1FA2-4F65-9711-F67219F01D3F}.Debug|Win32.ActiveCfg = Debug|Win32
		{89745BDB-1FA2-4F65-9711-F67219F01D3F}.Debug|Win32.Build.0 = Debug|Win32
		{89745BDB-1FA2-4F65-9711-F67219F01D3F}.Release|Win32.ActiveCfg = Release|Win32
		{89745BDB-1FA2-4F65-9711-F67219F01D3F}.Release|Win32.Build.0 = Release|Win32
		{5FD7A40A-2373-4697-8846-E6113FCBC403}.Debug|Win32.ActiveCfg = Debug|Win32
		{5FD7A40A-2373-4697-8846-E6113FCBC403}.Debug|Win32.Build.0 = Debug|Win32
		{5FD7A40A-2373-4697-8846-E6113FCBC403}.Release|Win32.ActiveCfg = Release|Win32
		{5FD7A40A-2373-4697-8846-E6113FCBC403}.Release|Win32.Build.0 = Release|Win32
		{EBF90323-6335-446A-9DEF-2A4FF09453EA}.Debug|Win32.ActiveCfg = Debug|Win32
		{EBF90323-6335-446A-9DEF-2A4FF09453EA}.Debug|Win32.Build.0 = Debug|Win32
		{EBF90323-6335-446A-9DEF-2A4FF09453EA}.Release|Win32.ActiveCfg = Release|Win32
		{EBF90323-6335-446A-9DEF-2A4FF09453EA}.Release|Win32.Build.0 = Release|Win32
		{0BAD5B5F-D1B7-4225-9E8A-697312553FD9}.Debug|Win32.ActiveCfg = Debug|Win32
		{0BAD5B5F-D1B7-4225-9E8A-697312553FD9}.Debug|Win32.Build.0 = Debug|Win32
		{0BAD5B5F-D1B7-4225-9E8A-697312553FD9}.Release|Win32.ActiveCfg = Release|Win32
		{0BAD5B5F-D1B7-4225-9E8A-697312553FD9}.Release|Win32.Build.0 = Release|Win32
		{649E6B30-58E8-4A53-97D9-937D5DE3E115}.Debug|Win32.ActiveCfg = Debug|Win32
		{649E6B30-58E8-4A53-97D9-937D5DE3E115}.Debug|Win32.Build.0 = Debug|Win32
		{649E6B30-58E8-4A53-97D9-937D5DE3E115}.Release|Win32.ActiveCfg = Release|Win32
		{649E6B30-58E8-4A53-97D9-937D5DE3E115}.Release|Win32.Build.0 = Release|Win32
		{C330F872-6F71-42FF-932D-AA89D9C8E4E0}.Debug|Win32.ActiveCfg = Debug|Win32
		{C330F872-6F71-42FF-932D-AA89D9C8E4E0}.Debug|Win32.Build.0 = Debug|Win32
		{C330F872-6F71-42FF-932D-AA89D9C8E4E0}.Release|Win32.ActiveCfg = Release|Win32
		{C330F872-6F71-42FF-932D-AA89D9C8E4E0}.Release|Win32.Build.0 = Release|Win32
		{220134DD-4E06-4F64-848B-1A194BC4335A}.Debug|Win32.ActiveCfg = Debug|Win32
		{220134DD-4E06-4F64-848B-1A194BC4335A}.Debug|Win32.Build.0 = Debug|Win32
		{220134DD-4E06-4F64-848B-1A194BC4335A}.Release|Win32.ActiveCfg = Release|Win32
		{220134DD-4E06-4F64-848B-1A194BC4335A}.Release|Win32.Build.0 = Release|Win32
		{F0C6ED3D-6B82-4E90-A5C2-71E35D721AA0}.Debug|Win32.ActiveCfg = Debug|Win32
		{F0C6ED3D-6B82-4E90-A5C2-71E35D721AA0}.Debug|Win32.Build.0 = Debug|Win32
		{F0C6ED3D-6B82-4E90-A5C2-71E35D721AA0}.Release|Win32.ActiveCfg = Release|Win32
		{F0C6ED3D-6B82-4E90-A5C2-71E35D721AA0}.Release|Win32.Build.0 = Release|Win32
		{338C5C6D-D6EF-4732-8FB8-7A756BF92295}.Debug|Win32.ActiveCfg = Debug|Win32
		{338C5C6D-D6EF-4732-8FB8-7A756BF92295}.Debug|Win32.Build.0 = Debug|Win32
		{338C5C6D-D6EF-4732-8FB8-7A756BF92295}.Release|Win32.ActiveCfg = Release|Win32
		{338C5C6D-D6EF-4732-8FB8-7A756BF92295}.Release|Win32.Build.0 = Release|Win32
		{C3994DE2-1FD5-4060-9FC3-18FD00D8F154}.Debug|Win32.ActiveCfg = Debug|Win32
		{C3994DE2-1FD5-4060-9FC3-18FD00D8F154}.Debug|Win32.Build.0 = Debug|Win32
		{C3994DE2-1FD5-4060-9FC3-18FD00D8F154}.Release|Win32.ActiveCfg = Release|Win32
		{C3994DE2-1FD5-4060-9FC3-18FD00D8F154}.Release|Win32.Build.0 = Release|Win32
		{93D24009-D241-4704-A94C-5103BBBAA31B}.Debug|Win32.ActiveCfg = Debug|Win32
		{93D24009-D241-4704-A94C-5103BBBAA31B}.Debug|Win32.Build.0 = Debug|Win32
		{93D24009-D241-4704-A94C-5103BBBAA31B}.Release|Win32.ActiveCfg = Release|Win32
		{93D24009-D241-4704-A94C-5103BBBAA31B}.Release|Win32.Build.0 = Release|Win32
		{8AE98908-8EF1-45AC-8356-9891972A662F}.Debug|Win32.ActiveCfg = Debug|Win32
		{8AE98908-8EF1-45AC-8356-9891972A662F}.Debug|Win32.Build.0 = Debug|Win32
		{8AE98908-8EF1-45AC-8356-9891972A662F}.Release|Win32.ActiveCfg = Release|Win32
		{8AE98908-8EF1-45AC-8356-9891972A662F}.Release|Win32.Build.0 = Release|Win32
		{9D6CF318-D70F-4C61-99F1-6C9C1F7FBA68}.Debug|Win32.ActiveCfg = Debug|Win32
		{9D6CF318-D70F-4C61-99F1-6C9C1F7FBA68}.Debug|Win32.Build.0 = Debug|Win32
		{9D6CF318-D70F-4C61-99F1-6C9C1F7FBA68}.Release|Win32.ActiveCfg = Release|Win32
		{9D6CF318-D70F-4C61-99F1-6C9C1F7FBA68}.Release|Win32.Build.0 = Release|Win32
		{E1154764-B420-4E7B-8C02-95D9E68F549B}.Debug|Win32.ActiveCfg = Debug|Win32
		{E1154764-B420-4E7B-8C02-95D9E68F549B}.Debug|Win32.Build.0 = Debug|Win32
		{E1154764-B420-4E7B-8C02-95D9E68F549B}.Release|Win32.ActiveCfg = Release|Win32
		{E1154764-B420-4E7B-8C02-95D9E68F549B}.Release|Win32.Build.0 = Release|Win32
		{5E48DB47-42FB-417C-BA6D-810D162FD734}.Debug|Win32.ActiveCfg = Debug|Win32
		{5E48DB47-42FB-417C-BA6D-810D162FD734}.Debug|Win32.Build.0 = Debug|Win32
		{5E48DB47-42FB-417C-BA6D-810D162FD734}.Release|Win32.ActiveCfg = Release|Win32
		{5E48DB47-42FB-417C-BA6D-810D162FD734}.Release|Win32.Build.0 = Release|Win32
		{051548C9-C537-4301-BDD2-898785C7C5D0}.Debug|Win32.ActiveCfg = Debug|Win32
		{051548C9-C537-4301-BDD2-898785C7C5D0}.Debug|Win32.Build.0 = Debug|Win32
		{051548C9-C537-4301-BDD2-898785C7C5D0}.Release|Win32.ActiveCfg = Release|Win32
		{051548C9-C537-4301-BDD2-898785C7C5D0}.Release|Win32.Build.0 = Release|Win32
		{7E8342F1-F892-4D1D-9BA9-06D9624DA28A}.Debug|Win32.ActiveCfg = Debug|Win32
		{7E8342F1-F892-4D1D-9BA9-06D9624DA28A}.Debug|Win32.Build.0 = Debug|Win32
		{7E8342F1-F892-4D1D-9BA9-06D9624DA28A}.Release|Win32.ActiveCfg = Release|Win32
		{7E8342F1-F892-4D1D-9BA9-06D9624DA28A}.Release|Win32.Build.0 = Release|Win32
		{8B64EA43-4383-48CF-95CF-436494F14C08}.Debug|Win32.ActiveCfg = Debug|Win32
		{8B64EA43-4383-48CF-95CF-436494F14C08}.Debug|Win32.Build.0 = Debug|Win32
		{8B64EA43-4383-48CF-95CF-436494F14C08}.Release|Win32.ActiveCfg = Release|Win32
		{8B64EA43-4383-48CF-95CF-436494F14C08}.Release|Win32.Build.0 = Release|Win32
		{C0E7EDA5-FFBF-4CE5-8FEC-8A16E7FDA26E}.Debug|Win32.ActiveCfg = Debug|Win32
		{C0E7EDA5-FFBF-4CE5-8FEC-8A16E7FDA26E}.Debug|Win32.Build.0 = Debug|Win32
		{C0E7EDA5-FFBF-4CE5-8FEC-8A16E7FDA26E}.Release|Win32.ActiveCfg = Release|Win32
		{C0E7EDA5-FFBF-4CE5-8FEC-8A16E7FDA26E}.Release|Win32.Build.0 = Release|Win32
		{539B0947-6ABE-46B6-BAE0-DC567FBBF30F}.Debug|Win32.ActiveCfg = Debug|Win32
		{539B0947-6ABE-46B6-BAE0-DC567FBBF30F}.Debug|Win32.Build.0 = Debug|Win32
		{539B0947-6ABE-46B6-BAE0-DC567FBBF30F}.Release|Win32.ActiveCfg = Release|Win32
		{539B0947-6ABE-46B6-BAE0-DC567FBBF30F}.Release|Win32.Build.0 = Release|Win32
		{188583EF-5F78-406A-9FCA-4CD139029472}.Debug|Win32.ActiveCfg = Debug|Win32
		{188583EF-5F78-406A-9FCA-4CD139029472}.Debug|Win32.Build.0 = Debug|Win32
		{188583EF-5F78-406A-9FCA-4CD139029472}.Release|Win32.ActiveCfg = Release|Win32
		{188583EF-5F78-406A-9FCA-4CD139029472}.Release|Win32.Build.0 = Release|Win32
		{9E72C1D5-3162-4790-A819-DB1455FE194D}.Debug|Win32.ActiveCfg = Debug|Win32
		{9E72C1D5-3162-4790-A819-DB1455FE194D}.Debug|Win32.Build.0 = Debug|Win32
		{9E72C1D5-3162-4790-A819-DB1455FE194D}.Release|Win32.ActiveCfg = Release|Win32
		{9E72C1D5-3162-4790-A819-DB1455FE194D}.Release|Win32.Build.0 = Release|Win32
		{7CDB55DB-5EF4-495D-B14E-C7F146CB8855}.Debug|Win32.ActiveCfg = Debug|Win32
		{7CDB55DB-5EF4-495D-B14E-C7F146CB8855}.Debug|Win32.Build.0 = Debug|Win32
		{7CDB55DB-5EF4-495D-B14E-C7F146CB8855}.Release|Win32.ActiveCfg = Release|Win32
		{7CDB55DB-5EF4-495D-B14E-C7F146CB8855}.Release|Win32.Build.0 = Release|Win32
		{39848A0C-A19E-491F-A16E-8B1108BBF86C}.Debug|Win32.ActiveCfg = Debug|Win32
		{39848A0C-A19E-491F-A16E-8B1108BBF86C}.Debug|Win32.Build.0 = Debug|Win32
		{39848A0C-A19E-491F-A16E-8B1108BBF86C}.Release|Win32.ActiveCfg = Release|Win32
		{39848A0C-A19E-491F-A16E-8B1108BBF86C}.Release|Win32.Build.0 = Release|Win32
		{09403103-6D31-40E7-9DCB-0D2728EE3E79}.Debug|Win32.ActiveCfg = Debug|Win32
		{09403103-6D31-40E7-9DCB-0D2728EE3E79}.Debug|Win32.Build.0 = Debug|Win32
		{09403103-6D31-40E7-9DCB-0D2728EE3E79}.Release|Win32.ActiveCfg = Release|Win32
		{09403103-6D31-40E7-9DCB-0D2728EE3E79}.Release|Win32.Build.0 = Release|Win32
		{45E391C5-8EFA-4F51-BBA1-3DBA047F92F1}.Debug|Win32.ActiveCfg = Debug|Win32
		{45E391C5-8EFA-4F51-BBA1-3DBA047F92F1}.Debug|Win32.Build.0 = Debug|Win32
		{45E391C5-8EFA-4F51-BBA1-3DBA047F92F1}.Release|Win32.ActiveCfg = Release|Win32
		{45E391C5-8EFA-4F51-BBA1-3DBA047F92F1}.Release|Win32.Build.0 = Release|Win32
		{621D5BDA-516E-4137-BC9A-3F3BAE6B186B}.Debug|Win32.ActiveCfg = Debug|Win32
		{621D5BDA-516E-4137-BC9A-3F3BAE6B186B}.Debug|Win32.Build.0 = Debug|Win32
		{621D5BDA-516E-4137-BC9A-3F3BAE6B186B}.Release|Win32.ActiveCfg = Release|Win32
		{621D5BDA-516E-4137-BC9A-3F3BAE6B186B}.Release|Win32.Build.0 = Release|Win32
		{FEE04614-E5EA-4355-BACB-5028D72A0840}.Debug|Win32.ActiveCfg = Debug|Win32
		{FEE04614-E5EA-4355-BACB-5028D72A0840}.Debug|Win32.Build.0 = Debug|Win32
		{FEE04614-E5EA-4355-BACB-5028D72A0840}.Release|Win32.ActiveCfg = Release|Win32
		{FEE04614-E5EA-4355-BACB-5028D72A0840}.Release|Win32.Build.0 = Release|Win32
		{D1CECA85-CAF9-4D91-8940-405FA73EA125}.Debug|Win32.ActiveCfg = Debug|Win32
		{D1CECA85-CAF9-4D91-8940-405FA73EA125}.Debug|Win32.Build.0 = Debug|Win32
		{D1CECA85-CAF9-4D91-8940-405FA73EA125}.Release|Win32.ActiveCfg = Release|Win32
		{D1CECA85-CAF9-4D91-8940-405FA73EA125}.Release|Win32.Build.0 = Release|Win32
		{8FFD296C-EB18-469D-99F7-262A9B575C74}.Debug|Win32.ActiveCfg = Debug|Win32
		{8FFD296C-EB18-469D-99F7-262A9B575C74}.Debug|Win32.Build.0 = Debug|Win32
		{8FFD296C-EB18-469D-99F7-262A9B575C74}.Release|Win32.ActiveCfg = Release|Win32
		{8FFD296C-EB18-469D-99F7-262A9B575C74}.Release|Win32.Build.0 = Release|Win32
		{2E2E5691-C2D5-42A1-B7AA-CE60F62F9562}.Debug|Win32.ActiveCfg = Debug|Win32
		{2E2E5691-C2D5-42A1-B7AA-CE60F62F9562}.Debug|Win32.Build.0 = Debug|Win32
		{2E2E5691-C2D5-42A1-B7AA-CE60F62F9562}.Release|Win32.ActiveCfg = Release|Win32
		{2E2E5691-C2D5-42A1-B7AA-CE60F62F9562}.Release|Win32.Build.0 = Release|Win32
		{83B91832-41DB-49CA-9761-5C64EBB1D799}.Debug|Win32.ActiveCfg = Debug|Win32
		{83B91832-41DB-49CA-9761-5C64EBB1D799}.Debug|Win32.Build.0 = Debug|Win32
		{83B91832-41DB-49CA-9761-5C64EBB1D799}.Release|Win32.ActiveCfg = Release|Win32
		{83B91832-41DB-49CA-9761-5C64EBB1D799}.Release|Win32.Build.0 = Release|Win32
		{71901B5D-145D-4648-AAF6-D71405B8D26A}.Debug|Win32.ActiveCfg = Debug|Win32
		{71901B5D-145D-4648-AAF6-D71405B8D26A}.Debug|Win32.Build.0 = Debug|Win32
		{71901B5D-145D-4648-AAF6-D71405B8D26A}.Release|Win32.ActiveCfg = Release|Win32
		{71901B5D-145D-4648-AAF6-D71405B8D26A}.Release|Win32.Build.0 = Release|Win32
		{84134CF7-F4B0-4E95-9326-1ADBABAD4E2E}.Debug|Win32.ActiveCfg = Debug|Win32
		{84134CF7-F4B0-4E95-9326-1ADBABAD4E2E}.Debug|Win32.Build.0 = Debug|Win32
		{84134CF7-F4B0-4E95-9326-1ADBABAD4E2E}.Release|Win32.ActiveCfg = Release|Win32
		{84134CF7-F4B0-4E95-9326-1ADBABAD4E2E}.Release|Win32.Build.0 = Release|Win32
		{83DBCD65-4B2E-4865-A5D2-D5FA4F6E761D}.Debug|Win32.ActiveCfg = Debug|Win32
		{83DBCD65-4B2E-4865-A5D2-D5FA4F6E761D}.Debug|Win32.Build.0 = Debug|Win32
		{83DBCD65-4B2E-4865-A5D2-D5FA4F6E761D}.Release|Win32.ActiveCfg = Release|Win32
		{83DBCD65-4B2E-4865-A5D2-D5FA4F6E761D}.Release|Win32.Build.0 = Release|Win32
		{014C326A-A8EA-473D-8812-F3E6D6021B63}.Debug|Win32.ActiveCfg = Debug|Win32
		{014C326A-A8EA-473D-8812-F3E6D6021B63}.Debug|Win32.Build.0 = Debug|Win32
		{014C326A-A8EA-473D-8812-F3E6D6021B63}.Release|Win32.ActiveCfg = Release|Win32
		{014C326A-A8EA-473D-8812-F3E6D6021B63}.Release|Win32.Build.0 = Release|Win32
		{19C6F62E-AD12-450A-92E2-9C24D9CFF79E}.Debug|Win32.ActiveCfg = Debug|Win32
		{19C6F62E-AD12-450A-92E2-9C24D9CFF79E}.Debug|Win32.Build.0 = Debug|Win32
		{19C6F62E-AD12-450A-92E2-9C24D9CFF79E}.Release|Win32.ActiveCfg = Release|Win32
		{19C6F62E-AD12-450A-92E2-9C24D9CFF79E}.Release|Win32.Build.0 = Release|Win32
		{EBB7F4C6-7F60-4328-8E1E-56AC98982629}.Debug|Win32.ActiveCfg = Debug|Win32
		{EBB7F4C6-7F60-4328-8E1E-56AC98982629}.Debug|Win32.Build.0 = Debug|Win32
		{EBB7F4C6-7F60-4328-8E1E-56AC98982629}.Release|Win32.ActiveCfg = Release|Win32
		{EBB7F4C6-7F60-4328-8E1E-56AC98982629}.Release|Win32.Build.0 = Release|Win32
		{39B6D554-5AF0-4CDD-880E-484A48C7C192}.Debug|Win32.ActiveCfg = Debug|Win32
		{39B6D554-5AF0-4CDD-880E-484A48C7C192}.Debug|Win32.Build.0 = Debug|Win32
		{39B6D554-5AF0-4CDD-880E-484A48C7C192}.Release|Win32.ActiveCfg = Release|Win32
		{39B6D554-5AF0-4CDD-880E-484A48C7C192}.Release|Win32.Build.0 = Release|Win32
		{A302CBB4-08E8-49F9-B8AF-8555BE21A1A5}.Debug|Win32.ActiveCfg = Debug|Win32
		{A302CBB4-08E8-49F9-B8AF-8555BE21A1A5}.Debug|Win32.Build.0 = Debug|Win32
		{A302CBB4-08E8-49F9-B8AF-8555BE21A1A5}.Release|Win32.ActiveCfg = Release|Win32
		{A302CBB4-08E8-49F9-B8AF-8555BE21A1A5}.Release|Win32.Build.0 = Release|Win32
		{33821C4A-8545-4BF0-ACEA-0A1FD60B18E9}.Debug|Win32.ActiveCfg = Debug|Win32
		{33821C4A-8545-4BF0-ACEA-0A1FD60B18E9}.Debug|Win32.Build.0 = Debug|Win32
		{33821C4A-8545-4BF0-ACEA-0A1FD60B18E9}.Release|Win32.ActiveCfg = Release|Win32
		{33821C4A-8545-4BF0-ACEA-0A1FD60B18E9}.Release|Win32.Build.0 = Release|Win32
		{B06153BB-D1A0-4810-8150-A5B23C99E1C7}.Debug|Win32.ActiveCfg = Debug|Win32
		{B06153BB-D1A0-4810-8150-A5B23C99E1C7}.Debug|Win32.Build.0 = Debug|Win32
		{B06153BB-D1A0-4810-8150-A5B23C99E1C7}.Release|Win32.ActiveCfg = Release|Win32
		{B06153BB-D1A0-4810-8150-A5B23C99E1C7}.Release|Win32.Build.0 = Release|Win32
		{C660A306-352F-450A-8EAE-29D8549906CE}.Debug|Win32.ActiveCfg = Debug|Win32
		{C660A306-352F-450A-8EAE-29D8549906CE}.Debug|Win32.Build.0 = Debug|Win32
		{C660A306-352F-450A-8EAE-29D8549906CE}.Release|Win32.ActiveCfg = Release|Win32
		{C660A306-352F-450A-8EAE-29D8549906CE}.Release|Win32.Build.0 = Release|Win32
		{C5A4915D-BD96-4541-9EE5-6980A6048F93}.Debug|Win32.ActiveCfg = Debug|Win32
		{C5A4915D-BD96-4541-9EE5-6980A6048F93}.Debug|Win32.Build.0 = Debug|Win32
		{C5A4915D-BD96-4541-9EE5-6980A6048F93}.Release|Win32.ActiveCfg = Release|Win32
		{C5A4915D-BD96-4541-9EE5-6980A6048F93}.Release|Win32.Build.0 = Release|Win32
		{AAEADF80-A245-4E11-843F-27EBA0ED52FD}.Debug|Win32.ActiveCfg = Debug|Win32
		{AAEADF80-A245-4E11-843F-27EBA0ED52FD}.Debug|Win32.Build.0 = Debug|Win32
		{AAEADF80-A245-4E11-843F-27EBA0ED52FD}.Release|Win32.ActiveCfg = Release|Win32
		{AAEADF80-A245-4E11-843F-27EBA0ED52FD}.Release|Win32.Build.0 = Release|Win32
		{F9298CB6-5B8A-4831-8B10-C33DAC6DA818}.Debug|Win32.ActiveCfg = Debug|Win32
		{F9298CB6-5B8A-4831-8B10-C33DAC6DA818}.Debug|Win32.Build.0 = Debug|Win32
		{F9298CB6-5B8A-4831-8B10-C33DAC6DA818}.Release|Win32.ActiveCfg = Release|Win32
		{F9298CB6-5B8A-4831-8B10-C33DAC6DA818}.Release|Win32.Build.0 = Release|Win32
		{A7042CD3-89A4-4B86-9F90-2510DA0D4A45}.Debug|Win32.ActiveCfg = Debug|Win32
		{A7042CD3-89A4-4B86-9F90-2510DA0D4A45}.Debug|Win32.Build.0 = Debug|Win32
		{A7042CD3-89A4-4B86-9F90-2510DA0D4A45}.Release|Win32.ActiveCfg = Release|Win32
		{A7042CD3-89A4-4B86-9F90-2510DA0D4A45}.Release|Win32.Build.0 = Release|Win32
		{B63DD68A-BB83-44C3-A96D-D5360AB206D8}.Debug|Win32.ActiveCfg = Debug|Win32
		{B63DD68A-BB83-44C3-A96D-D5360AB206D8}.Debug|Win32.Build.0 = Debug|Win32
		{B63DD68A-BB83-44C3-A96D-D5360AB206D8}.Release|Win32.ActiveCfg = Release|Win32
		{B63DD68A-BB83-44C3-A96D-D5360AB206D8}.Release|Win32.Build.0 = Release|Win32
		{B52A0006-C4A1-43E7-8B31-865DF44FE04B}.Debug|Win32.ActiveCfg = Debug|Win32
		{B52A0006-C4A1-43E7-8B31-865DF44FE04B}.Debug|Win32.Build.0 = Debug|Win32
		{B52A0006-C4A1-43E7-8B31-865DF44FE04B}.Release|Win32.ActiveCfg = Release|Win32
		{B52A0006-C4A1-43E7-8B31-865DF44FE04B}.Release|Win32.Build.0 = Release|Win32
		{F9C1D5F0-F37A-4D85-ADF5-531B4DE2908D}.Debug|Win32.ActiveCfg = Debug|Win32
		{F9C1D5F0-F37A-4D85-ADF5-531B4DE2908D}.Debug|Win32.Build.0 = Debug|Win32
		{F9C1D5F0-F37A-4D85-ADF5-531B4DE2908D}.Release|Win32.ActiveCfg = Release|Win32
		{F9C1D5F0-F37A-4D85-ADF5-531B4DE2908D}.Release|Win32.Build.0 = Release|Win32
		{76DC8770-B427-485D-9E84-A7EED6594F6E}.Debug|Win32.ActiveCfg = Debug|Win32
		{76DC8770-B427-485D-9E84-A7EED6594F6E}.Debug|Win32.Build.0 = Debug|Win32
		{76DC8770-B427-485D-9E84-A7EED6594F6E}.Release|Win32.ActiveCfg = Release|Win32
		{76DC8770-B427-485D-9E84-A7EED6594F6E}.Release|Win32.Build.0 = Release|Win32
		{61609616-258F-4008-A884-1AC9E7404DB1}.Debug|Win32.ActiveCfg = Debug|Win32
		{61609616-258F-4008-A884-1AC9E7404DB1}.Debug|Win32.Build.0 = Debug|Win32
		{61609616-258F-4008-A884-1AC9E7404DB1}.Release|Win32.ActiveCfg = Release|Win32
		{61609616-258F-4008-A884-1AC9E7404DB1}.Release|Win32.Build.0 = Release|Win32
		{CB5078DF-EB85-4CC0-92EF-FC00C167BF20}.Debug|Win32.ActiveCfg = Debug|Win32
		{CB5078DF-EB85-4CC0-92EF-FC00C167BF20}.Debug|Win32.Build.0 = Debug|Win32
		{CB5078DF-EB85-4CC0-92EF-FC00C167BF20}.Release|Win32.ActiveCfg = Release|Win32
		{CB5078DF-EB85-4CC0-92EF-FC00C167BF20}.Release|Win32.Build.0 = Release|Win32
		{633AEC27-B44E-4C9F-859C-9DC532C47746}.Debug|Win32.ActiveCfg = Debug|Win32
		{633AEC27-B44E-4C9F-859C-9DC532C47746}.Debug|Win32.Build.0 = Debug|Win32
		{633AEC27-B44E-4C9F-859C-9DC532C47746}.Release|Win32.ActiveCfg = Release|Win32
		{633AEC27-B44E-4C9F-859C-9DC532C47746}.Release|Win32.Build.0 = Release|Win32
		{7CBC0F8F-452B-43F1-B185-8742E4CC3C6A}.Debug|Win32.ActiveCfg = Debug|Win32
		{7CBC0F8F-452B-43F1-B185-8742E4CC3C6A}.Debug|Win32.Build.0 = Debug|Win32
		{7CBC0F8F-452B-43F1-B185-8742E4CC3C6A}.Release|Win32.ActiveCfg = Release|Win32
		{7CBC0F8F-452B-43F1-B185-8742E4CC3C6A}.Release|Win32.Build.0 = Release|Win32
		{538B3269-E700-4E7A-8F46-F2735C8EBE37}.Debug|Win32.ActiveCfg = Debug|Win32
		{538B3269-E700-4E7A-8F46-F2735C8EBE37}.Debug|Win32.Build.0 = Debug|Win32
		{538B3269-E700-4E7A-8F46-F2735C8EBE37}.Release|Win32.ActiveCfg = Release|Win32
		{538B3269-E700-4E7A-8F46-F2735C8EBE37}.Release|Win32.Build.0 = Release|Win32
		{9D21D7D9-DEE8-48F8-B2A6-57FF9895275A}.Debug|Win32.ActiveCfg = Debug|Win32
		{9D21D7D9-DEE8-48F8-B2A6-57FF9895275A}.Debug|Win32.Build.0 = Debug|Win32
		{9D21D7D9-DEE8-48F8-B2A6-57FF9895275A}.Release|Win32.ActiveCfg = Release|Win32
		{9D21D7D9-DEE8-48F8-B2A6-57FF9895275A}.Release|Win32.Build.0 = Release|Win32
		{963AF25F-E886-4417-87D1-430DEAC75999}.Debug|Win32.ActiveCfg = Debug|Win32
		{963AF25F-E886-4417-87D1-430DEAC75999}.Debug|Win32.Build.0 = Debug|Win32
		{963AF25F-E886-4417-87D1-430DEAC75999}.Release|Win32.ActiveCfg = Release|Win32
		{963AF25F-E886-4417-87D1-430DEAC75999}.Release|Win32.Build.0 = Release|Win32
		{DF1ADCFA-9FDB-406B-A416-A697EB734B4D}.Debug|Win32.ActiveCfg = Debug|Win32
		{DF1ADCFA-9FDB-406B-A416-A697EB734B4D}.Debug|Win32.Build.0 = Debug|Win32
		{DF1ADCFA-9FDB-406B-A416-A697EB734B4D}.Release|Win32.ActiveCfg = Release|Win32
		{DF1ADCFA-9FDB-406B-A416-A697EB734B4D}.Release|Win32.Build.0 = Release|Win32
		{C71919E2-68E6-4345-A8E0-E1DD0A12F891}.Debug|Win32.ActiveCfg = Debug|Win32
		{C71919E2-68E6-4345-A8E0-E1DD0A12F891}.Debug|Win32.Build.0 = Debug|Win32
		{C71919E2-68E6-4345-A8E0-E1DD0A12F891}.Release|Win32.ActiveCfg = Release|Win32
		{C71919E2-68E6-4345-A8E0-E1DD0A12F891}.Release|Win32.Build.0 = Release|Win32
		{2BE40410-649E-4F4D-8788-7A65B8973FE0}.Debug|Win32.ActiveCfg = Debug|Win32
		{2BE40410-649E-4F4D-8788-7A65B8973FE0}.Debug|Win32.Build.0 = Debug|Win32
		{2BE40410-649E-4F4D-8788-7A65B8973FE0}.Release|Win32.ActiveCfg = Release|Win32
		{2BE40410-649E-4F4D-8788-7A65B8973FE0}.Release|Win32.Build.0 = Release|Win32
		{6326108C-257C-4354-B22D-F93EAD411E06}.Debug|Win32.ActiveCfg = Debug|Win32
		{6326108C-257C-4354-B22D-F93EAD411E06}.Debug|Win32.Build.0 = Debug|Win32
		{6326108C-257C-4354-B22D-F93EAD411E06}.Release|Win32.ActiveCfg = Release|Win32
		{6326108C-257C-4354-B22D-F93EAD411E06}.Release|Win32.Build.0 = Release|Win32
		{259DD2EB-F851-4FA5-A81A-BC07FBFDD638}.Debug|Win32.ActiveCfg = Debug|Win32
		{259DD2EB-F851-4FA5-A81A-BC07FBFDD638}.Debug|Win32.Build.0 = Debug|Win32
		{259DD2EB-F851-4FA5-A81A-BC07FBFDD638}.Release|Win32.ActiveCfg = Release|Win32
		{259DD2EB-F851-4FA5-A81A-BC07FBFDD638}.Release|Win32.Build.0 = Release|Win32
		{78328E58-036C-4A37-9C5F-CD931926299D}.Debug|Win32.ActiveCfg = Debug|Win32
		{78328E58-036C-4A37-9C5F-CD931926299D}.Debug|Win32.Build.0 = Debug|Win32
		{78328E58-036C-4A37-9C5F-CD931926299D}.Release|Win32.ActiveCfg = Release|Win32
		{78328E58-036C-4A37-9C5F-CD931926299D}.Release|Win32.Build.0 = Release|Win32
	EndGlobalSection
	GlobalSection(SolutionProperties) = preSolution
		HideSolutionNode = FALSE
	EndGlobalSection
EndGlobal
