
Microsoft Visual Studio Solution File, Format Version 12.00
# Visual Studio 2012
Project("{8BC9CEB8-8B4A-11D0-8D11-00A0C91BC942}") = "1001", "1001\1001.vcxproj", "{10AC435C-B538-4364-BEEF-167B832DF5BE}"
EndProject
Project("{8BC9CEB8-8B4A-11D0-8D11-00A0C91BC942}") = "1002", "1002\1002.vcxproj", "{18A7A7AA-6329-4F07-AC0B-EBD21C44C970}"
EndProject
Project("{8BC9CEB8-8B4A-11D0-8D11-00A0C91BC942}") = "1011", "1011\1011.vcxproj", "{AE8ACF84-1155-4B2E-A55A-29AC8F886ADB}"
EndProject
Project("{8BC9CEB8-8B4A-11D0-8D11-00A0C91BC942}") = "1010", "1010\1010.vcxproj", "{60081662-8793-405A-97B4-92E7314F2D2E}"
EndProject
Project("{8BC9CEB8-8B4A-11D0-8D11-00A0C91BC942}") = "1064", "1064\1064.vcxproj", "{A2E253BE-7251-49E3-A3BB-60D9349D35DE}"
EndProject
Project("{8BC9CEB8-8B4A-11D0-8D11-00A0C91BC942}") = "1003", "1003\1003.vcxproj", "{DEF8793B-2B3D-4F42-8C07-44A61DB7B07B}"
EndProject
Project("{8BC9CEB8-8B4A-11D0-8D11-00A0C91BC942}") = "1004", "1004\1004.vcxproj", "{B7DF907D-92D3-473F-BCF9-0788E68F9F44}"
EndProject
Project("{8BC9CEB8-8B4A-11D0-8D11-00A0C91BC942}") = "1005", "1005\1005.vcxproj", "{07667908-A390-4EAF-A1D8-8E0576F5F533}"
EndProject
Project("{8BC9CEB8-8B4A-11D0-8D11-00A0C91BC942}") = "1012", "1012\1012.vcxproj", "{9D11B9DB-3700-473B-82B4-D5570BE8CAE2}"
EndProject
Project("{8BC9CEB8-8B4A-11D0-8D11-00A0C91BC942}") = "1055", "1055\1055.vcxproj", "{468F1001-90E2-4410-B0BF-A4E43D5EEF72}"
EndProject
Project("{8BC9CEB8-8B4A-11D0-8D11-00A0C91BC942}") = "1084", "1084\1084.vcxproj", "{D0A30E3A-5540-4F4B-B02F-3D4032BD41DB}"
EndProject
Project("{8BC9CEB8-8B4A-11D0-8D11-00A0C91BC942}") = "1060", "1060\1060.vcxproj", "{C0F6C68F-ADD5-4F5C-84A0-9122C6167471}"
EndProject
Project("{8BC9CEB8-8B4A-11D0-8D11-00A0C91BC942}") = "1082", "1082\1082.vcxproj", "{6B2F99A5-90BE-40D3-854D-F7178764A793}"
EndProject
Project("{8BC9CEB8-8B4A-11D0-8D11-00A0C91BC942}") = "1083", "1083\1083.vcxproj", "{22F3F35D-59AB-460E-93E9-012B646B7A7E}"
EndProject
Project("{8BC9CEB8-8B4A-11D0-8D11-00A0C91BC942}") = "1085", "1085\1085.vcxproj", "{354B510F-5D8D-430F-88FC-66725F15B21A}"
EndProject
Project("{8BC9CEB8-8B4A-11D0-8D11-00A0C91BC942}") = "1086", "1086\1086.vcxproj", "{6737A28D-C63B-42B6-940E-45FB7770E215}"
EndProject
Project("{8BC9CEB8-8B4A-11D0-8D11-00A0C91BC942}") = "1087", "1087\1087.vcxproj", "{0A82D775-6A0C-488D-8F76-A801752A191A}"
EndProject
Project("{8BC9CEB8-8B4A-11D0-8D11-00A0C91BC942}") = "1006", "1006\1006.vcxproj", "{227A9F34-26FA-4C25-8141-41B43BE1DB55}"
EndProject
Project("{8BC9CEB8-8B4A-11D0-8D11-00A0C91BC942}") = "1007", "1007\1007.vcxproj", "{5794463E-0DE8-464A-9791-CF98E573C319}"
EndProject
Project("{8BC9CEB8-8B4A-11D0-8D11-00A0C91BC942}") = "1008", "1008\1008.vcxproj", "{E467B50E-11A7-4A32-8791-6537CC1F1522}"
EndProject
Project("{8BC9CEB8-8B4A-11D0-8D11-00A0C91BC942}") = "1009", "1009\1009.vcxproj", "{3A8E9DF5-CEF9-4205-85ED-524AE53E9C27}"
EndProject
Project("{8BC9CEB8-8B4A-11D0-8D11-00A0C91BC942}") = "1056", "1056\1056.vcxproj", "{EE75A5EE-0E06-4BF8-9C79-720E094777BA}"
EndProject
Global
	GlobalSection(SolutionConfigurationPlatforms) = preSolution
		Debug|Win32 = Debug|Win32
		Release|Win32 = Release|Win32
	EndGlobalSection
	GlobalSection(ProjectConfigurationPlatforms) = postSolution
		{10AC435C-B538-4364-BEEF-167B832DF5BE}.Debug|Win32.ActiveCfg = Debug|Win32
		{10AC435C-B538-4364-BEEF-167B832DF5BE}.Debug|Win32.Build.0 = Debug|Win32
		{10AC435C-B538-4364-BEEF-167B832DF5BE}.Release|Win32.ActiveCfg = Release|Win32
		{10AC435C-B538-4364-BEEF-167B832DF5BE}.Release|Win32.Build.0 = Release|Win32
		{18A7A7AA-6329-4F07-AC0B-EBD21C44C970}.Debug|Win32.ActiveCfg = Debug|Win32
		{18A7A7AA-6329-4F07-AC0B-EBD21C44C970}.Debug|Win32.Build.0 = Debug|Win32
		{18A7A7AA-6329-4F07-AC0B-EBD21C44C970}.Release|Win32.ActiveCfg = Release|Win32
		{18A7A7AA-6329-4F07-AC0B-EBD21C44C970}.Release|Win32.Build.0 = Release|Win32
		{AE8ACF84-1155-4B2E-A55A-29AC8F886ADB}.Debug|Win32.ActiveCfg = Debug|Win32
		{AE8ACF84-1155-4B2E-A55A-29AC8F886ADB}.Debug|Win32.Build.0 = Debug|Win32
		{AE8ACF84-1155-4B2E-A55A-29AC8F886ADB}.Release|Win32.ActiveCfg = Release|Win32
		{AE8ACF84-1155-4B2E-A55A-29AC8F886ADB}.Release|Win32.Build.0 = Release|Win32
		{60081662-8793-405A-97B4-92E7314F2D2E}.Debug|Win32.ActiveCfg = Debug|Win32
		{60081662-8793-405A-97B4-92E7314F2D2E}.Debug|Win32.Build.0 = Debug|Win32
		{60081662-8793-405A-97B4-92E7314F2D2E}.Release|Win32.ActiveCfg = Release|Win32
		{60081662-8793-405A-97B4-92E7314F2D2E}.Release|Win32.Build.0 = Release|Win32
		{A2E253BE-7251-49E3-A3BB-60D9349D35DE}.Debug|Win32.ActiveCfg = Debug|Win32
		{A2E253BE-7251-49E3-A3BB-60D9349D35DE}.Debug|Win32.Build.0 = Debug|Win32
		{A2E253BE-7251-49E3-A3BB-60D9349D35DE}.Release|Win32.ActiveCfg = Release|Win32
		{A2E253BE-7251-49E3-A3BB-60D9349D35DE}.Release|Win32.Build.0 = Release|Win32
		{DEF8793B-2B3D-4F42-8C07-44A61DB7B07B}.Debug|Win32.ActiveCfg = Debug|Win32
		{DEF8793B-2B3D-4F42-8C07-44A61DB7B07B}.Debug|Win32.Build.0 = Debug|Win32
		{DEF8793B-2B3D-4F42-8C07-44A61DB7B07B}.Release|Win32.ActiveCfg = Release|Win32
		{DEF8793B-2B3D-4F42-8C07-44A61DB7B07B}.Release|Win32.Build.0 = Release|Win32
		{B7DF907D-92D3-473F-BCF9-0788E68F9F44}.Debug|Win32.ActiveCfg = Debug|Win32
		{B7DF907D-92D3-473F-BCF9-0788E68F9F44}.Debug|Win32.Build.0 = Debug|Win32
		{B7DF907D-92D3-473F-BCF9-0788E68F9F44}.Release|Win32.ActiveCfg = Release|Win32
		{B7DF907D-92D3-473F-BCF9-0788E68F9F44}.Release|Win32.Build.0 = Release|Win32
		{07667908-A390-4EAF-A1D8-8E0576F5F533}.Debug|Win32.ActiveCfg = Debug|Win32
		{07667908-A390-4EAF-A1D8-8E0576F5F533}.Debug|Win32.Build.0 = Debug|Win32
		{07667908-A390-4EAF-A1D8-8E0576F5F533}.Release|Win32.ActiveCfg = Release|Win32
		{07667908-A390-4EAF-A1D8-8E0576F5F533}.Release|Win32.Build.0 = Release|Win32
		{9D11B9DB-3700-473B-82B4-D5570BE8CAE2}.Debug|Win32.ActiveCfg = Debug|Win32
		{9D11B9DB-3700-473B-82B4-D5570BE8CAE2}.Debug|Win32.Build.0 = Debug|Win32
		{9D11B9DB-3700-473B-82B4-D5570BE8CAE2}.Release|Win32.ActiveCfg = Release|Win32
		{9D11B9DB-3700-473B-82B4-D5570BE8CAE2}.Release|Win32.Build.0 = Release|Win32
		{468F1001-90E2-4410-B0BF-A4E43D5EEF72}.Debug|Win32.ActiveCfg = Debug|Win32
		{468F1001-90E2-4410-B0BF-A4E43D5EEF72}.Debug|Win32.Build.0 = Debug|Win32
		{468F1001-90E2-4410-B0BF-A4E43D5EEF72}.Release|Win32.ActiveCfg = Release|Win32
		{468F1001-90E2-4410-B0BF-A4E43D5EEF72}.Release|Win32.Build.0 = Release|Win32
		{D0A30E3A-5540-4F4B-B02F-3D4032BD41DB}.Debug|Win32.ActiveCfg = Debug|Win32
		{D0A30E3A-5540-4F4B-B02F-3D4032BD41DB}.Debug|Win32.Build.0 = Debug|Win32
		{D0A30E3A-5540-4F4B-B02F-3D4032BD41DB}.Release|Win32.ActiveCfg = Release|Win32
		{D0A30E3A-5540-4F4B-B02F-3D4032BD41DB}.Release|Win32.Build.0 = Release|Win32
		{C0F6C68F-ADD5-4F5C-84A0-9122C6167471}.Debug|Win32.ActiveCfg = Debug|Win32
		{C0F6C68F-ADD5-4F5C-84A0-9122C6167471}.Debug|Win32.Build.0 = Debug|Win32
		{C0F6C68F-ADD5-4F5C-84A0-9122C6167471}.Release|Win32.ActiveCfg = Release|Win32
		{C0F6C68F-ADD5-4F5C-84A0-9122C6167471}.Release|Win32.Build.0 = Release|Win32
		{6B2F99A5-90BE-40D3-854D-F7178764A793}.Debug|Win32.ActiveCfg = Debug|Win32
		{6B2F99A5-90BE-40D3-854D-F7178764A793}.Debug|Win32.Build.0 = Debug|Win32
		{6B2F99A5-90BE-40D3-854D-F7178764A793}.Release|Win32.ActiveCfg = Release|Win32
		{6B2F99A5-90BE-40D3-854D-F7178764A793}.Release|Win32.Build.0 = Release|Win32
		{22F3F35D-59AB-460E-93E9-012B646B7A7E}.Debug|Win32.ActiveCfg = Debug|Win32
		{22F3F35D-59AB-460E-93E9-012B646B7A7E}.Debug|Win32.Build.0 = Debug|Win32
		{22F3F35D-59AB-460E-93E9-012B646B7A7E}.Release|Win32.ActiveCfg = Release|Win32
		{22F3F35D-59AB-460E-93E9-012B646B7A7E}.Release|Win32.Build.0 = Release|Win32
		{354B510F-5D8D-430F-88FC-66725F15B21A}.Debug|Win32.ActiveCfg = Debug|Win32
		{354B510F-5D8D-430F-88FC-66725F15B21A}.Debug|Win32.Build.0 = Debug|Win32
		{354B510F-5D8D-430F-88FC-66725F15B21A}.Release|Win32.ActiveCfg = Release|Win32
		{354B510F-5D8D-430F-88FC-66725F15B21A}.Release|Win32.Build.0 = Release|Win32
		{6737A28D-C63B-42B6-940E-45FB7770E215}.Debug|Win32.ActiveCfg = Debug|Win32
		{6737A28D-C63B-42B6-940E-45FB7770E215}.Debug|Win32.Build.0 = Debug|Win32
		{6737A28D-C63B-42B6-940E-45FB7770E215}.Release|Win32.ActiveCfg = Release|Win32
		{6737A28D-C63B-42B6-940E-45FB7770E215}.Release|Win32.Build.0 = Release|Win32
		{0A82D775-6A0C-488D-8F76-A801752A191A}.Debug|Win32.ActiveCfg = Debug|Win32
		{0A82D775-6A0C-488D-8F76-A801752A191A}.Debug|Win32.Build.0 = Debug|Win32
		{0A82D775-6A0C-488D-8F76-A801752A191A}.Release|Win32.ActiveCfg = Release|Win32
		{0A82D775-6A0C-488D-8F76-A801752A191A}.Release|Win32.Build.0 = Release|Win32
		{227A9F34-26FA-4C25-8141-41B43BE1DB55}.Debug|Win32.ActiveCfg = Debug|Win32
		{227A9F34-26FA-4C25-8141-41B43BE1DB55}.Debug|Win32.Build.0 = Debug|Win32
		{227A9F34-26FA-4C25-8141-41B43BE1DB55}.Release|Win32.ActiveCfg = Release|Win32
		{227A9F34-26FA-4C25-8141-41B43BE1DB55}.Release|Win32.Build.0 = Release|Win32
		{5794463E-0DE8-464A-9791-CF98E573C319}.Debug|Win32.ActiveCfg = Debug|Win32
		{5794463E-0DE8-464A-9791-CF98E573C319}.Debug|Win32.Build.0 = Debug|Win32
		{5794463E-0DE8-464A-9791-CF98E573C319}.Release|Win32.ActiveCfg = Release|Win32
		{5794463E-0DE8-464A-9791-CF98E573C319}.Release|Win32.Build.0 = Release|Win32
		{E467B50E-11A7-4A32-8791-6537CC1F1522}.Debug|Win32.ActiveCfg = Debug|Win32
		{E467B50E-11A7-4A32-8791-6537CC1F1522}.Debug|Win32.Build.0 = Debug|Win32
		{E467B50E-11A7-4A32-8791-6537CC1F1522}.Release|Win32.ActiveCfg = Release|Win32
		{E467B50E-11A7-4A32-8791-6537CC1F1522}.Release|Win32.Build.0 = Release|Win32
		{3A8E9DF5-CEF9-4205-85ED-524AE53E9C27}.Debug|Win32.ActiveCfg = Debug|Win32
		{3A8E9DF5-CEF9-4205-85ED-524AE53E9C27}.Debug|Win32.Build.0 = Debug|Win32
		{3A8E9DF5-CEF9-4205-85ED-524AE53E9C27}.Release|Win32.ActiveCfg = Release|Win32
		{3A8E9DF5-CEF9-4205-85ED-524AE53E9C27}.Release|Win32.Build.0 = Release|Win32
		{EE75A5EE-0E06-4BF8-9C79-720E094777BA}.Debug|Win32.ActiveCfg = Debug|Win32
		{EE75A5EE-0E06-4BF8-9C79-720E094777BA}.Debug|Win32.Build.0 = Debug|Win32
		{EE75A5EE-0E06-4BF8-9C79-720E094777BA}.Release|Win32.ActiveCfg = Release|Win32
		{EE75A5EE-0E06-4BF8-9C79-720E094777BA}.Release|Win32.Build.0 = Release|Win32
	EndGlobalSection
	GlobalSection(SolutionProperties) = preSolution
		HideSolutionNode = FALSE
	EndGlobalSection
EndGlobal
